lockfileVersion: '9.0'

settings:
  autoInstallPeers: true
  excludeLinksFromLockfile: false

importers:

  .: {}

  packages/core:
    dependencies:
      framebus:
        specifier: ^6.0.3
        version: 6.0.3

packages:

  '@braintree/uuid@1.0.1':
    resolution: {integrity: sha512-Tgu5GoODkf4oj4aLlVIapEPEfjitIHrg5ftqY6pa5Ghr4ZUA9XtZIIZ6ZPdP9x8/X0lt/FB8tRq83QuCQCwOrA==}

  framebus@6.0.3:
    resolution: {integrity: sha512-G/N2p+kFZ1xPBge7tbtTq2KcTR1kSKs1rVbTqH//WdtvJSexS33fsTTOq3yfUWvUczqhujyaFc+omawC9YyRBg==}

snapshots:

  '@braintree/uuid@1.0.1': {}

  framebus@6.0.3:
    dependencies:
      '@braintree/uuid': 1.0.1
